
Microsoft Visual Studio Solution File, Format Version 12.00
# Visual Studio Version 17
VisualStudioVersion = 17.0.31903.59
MinimumVisualStudioVersion = 10.0.40219.1
Project("{2150E333-8FDC-42A3-9474-1A3956D46DE8}") = "src", "src", "{F1BA9457-41B1-469B-941F-7D8E9CCB4FF7}"
EndProject
Project("{FAE04EC0-301F-11D3-BF4B-00C04F79EFBC}") = "Core", "src\Core\Core.csproj", "{9B6B8338-1506-4292-B428-313DAF85EE78}"
EndProject
Project("{FAE04EC0-301F-11D3-BF4B-00C04F79EFBC}") = "Sample", "src\Sample\Sample.csproj", "{1CB1D1C4-F573-45CA-8CF6-90F6FF4F19CE}"
EndProject
Global
	GlobalSection(SolutionConfigurationPlatforms) = preSolution
		Debug|Any CPU = Debug|Any CPU
		Release|Any CPU = Release|Any CPU
	EndGlobalSection
	GlobalSection(SolutionProperties) = preSolution
		HideSolutionNode = FALSE
	EndGlobalSection
	GlobalSection(ProjectConfigurationPlatforms) = postSolution
		{9B6B8338-1506-4292-B428-313DAF85EE78}.Debug|Any CPU.ActiveCfg = Debug|Any CPU
		{9B6B8338-1506-4292-B428-313DAF85EE78}.Debug|Any CPU.Build.0 = Debug|Any CPU
		{9B6B8338-1506-4292-B428-313DAF85EE78}.Release|Any CPU.ActiveCfg = Release|Any CPU
		{9B6B8338-1506-4292-B428-313DAF85EE78}.Release|Any CPU.Build.0 = Release|Any CPU
		{1CB1D1C4-F573-45CA-8CF6-90F6FF4F19CE}.Debug|Any CPU.ActiveCfg = Debug|Any CPU
		{1CB1D1C4-F573-45CA-8CF6-90F6FF4F19CE}.Debug|Any CPU.Build.0 = Debug|Any CPU
		{1CB1D1C4-F573-45CA-8CF6-90F6FF4F19CE}.Release|Any CPU.ActiveCfg = Release|Any CPU
		{1CB1D1C4-F573-45CA-8CF6-90F6FF4F19CE}.Release|Any CPU.Build.0 = Release|Any CPU
	EndGlobalSection
	GlobalSection(NestedProjects) = preSolution
		{9B6B8338-1506-4292-B428-313DAF85EE78} = {F1BA9457-41B1-469B-941F-7D8E9CCB4FF7}
		{1CB1D1C4-F573-45CA-8CF6-90F6FF4F19CE} = {F1BA9457-41B1-469B-941F-7D8E9CCB4FF7}
	EndGlobalSection
EndGlobal
